// !$*UTF8*$!
{
	archiveVersion = 1;
	classes = {
	};
	objectVersion = 46;
	objects = {

/* Begin PBXBuildFile section */
		43032FD01E4C5B0F00FBD6DA /* MapTableCell.swift in Sources */ = {isa = PBXBuildFile; fileRef = 43032FCF1E4C5B0F00FBD6DA /* MapTableCell.swift */; };
		430439281E5533C7006613B0 /* Constants.swift in Sources */ = {isa = PBXBuildFile; fileRef = 430439271E5533C7006613B0 /* Constants.swift */; };
		4323E75B1E4C6679004EC735 /* GCDBlackBox.swift in Sources */ = {isa = PBXBuildFile; fileRef = 4323E75A1E4C6679004EC735 /* GCDBlackBox.swift */; };
		43281FBA1E4DC482006A88CB /* MapSearchViewController - extension.swift in Sources */ = {isa = PBXBuildFile; fileRef = 43281FB91E4DC482006A88CB /* MapSearchViewController - extension.swift */; };
		432A8ED11E546DDA0045B29F /* MatchListViewController.swift in Sources */ = {isa = PBXBuildFile; fileRef = 432A8ED01E546DDA0045B29F /* MatchListViewController.swift */; };
		4370AAF11E499B4C00A79F1F /* DaumMap.framework in Frameworks */ = {isa = PBXBuildFile; fileRef = 4370AAD41E499B4C00A79F1F /* DaumMap.framework */; };
		4370AAF21E499B4C00A79F1F /* copyright.png in Resources */ = {isa = PBXBuildFile; fileRef = 4370AAD61E499B4C00A79F1F /* copyright.png */; };
		4370AAF31E499B4C00A79F1F /* daum_copyright.png in Resources */ = {isa = PBXBuildFile; fileRef = 4370AAD71E499B4C00A79F1F /* daum_copyright.png */; };
		4370AAF41E499B4C00A79F1F /* daum_th_line.png in Resources */ = {isa = PBXBuildFile; fileRef = 4370AAD81E499B4C00A79F1F /* daum_th_line.png */; };
		4370AAF51E499B4C00A79F1F /* detail_button.png in Resources */ = {isa = PBXBuildFile; fileRef = 4370AAD91E499B4C00A79F1F /* detail_button.png */; };
		4370AAF61E499B4C00A79F1F /* info_box.png in Resources */ = {isa = PBXBuildFile; fileRef = 4370AADA1E499B4C00A79F1F /* info_box.png */; };
		4370AAF71E499B4C00A79F1F /* info_box_tail.png in Resources */ = {isa = PBXBuildFile; fileRef = 4370AADB1E499B4C00A79F1F /* info_box_tail.png */; };
		4370AAF81E499B4C00A79F1F /* map_pin.png in Resources */ = {isa = PBXBuildFile; fileRef = 4370AADC1E499B4C00A79F1F /* map_pin.png */; };
		4370AAF91E499B4C00A79F1F /* map_pin@3x.png in Resources */ = {isa = PBXBuildFile; fileRef = 4370AADD1E499B4C00A79F1F /* map_pin@3x.png */; };
		4370AAFA1E499B4C00A79F1F /* map_pin_custom.png in Resources */ = {isa = PBXBuildFile; fileRef = 4370AADE1E499B4C00A79F1F /* map_pin_custom.png */; };
		4370AAFB1E499B4C00A79F1F /* map_pin_custom@3x.png in Resources */ = {isa = PBXBuildFile; fileRef = 4370AADF1E499B4C00A79F1F /* map_pin_custom@3x.png */; };
		4370AAFC1E499B4C00A79F1F /* map_pin_red.png in Resources */ = {isa = PBXBuildFile; fileRef = 4370AAE01E499B4C00A79F1F /* map_pin_red.png */; };
		4370AAFD1E499B4C00A79F1F /* map_pin_red@3x.png in Resources */ = {isa = PBXBuildFile; fileRef = 4370AAE11E499B4C00A79F1F /* map_pin_red@3x.png */; };
		4370AAFE1E499B4C00A79F1F /* map_pin_shadow.png in Resources */ = {isa = PBXBuildFile; fileRef = 4370AAE21E499B4C00A79F1F /* map_pin_shadow.png */; };
		4370AAFF1E499B4C00A79F1F /* map_pin_shadow@3x.png in Resources */ = {isa = PBXBuildFile; fileRef = 4370AAE31E499B4C00A79F1F /* map_pin_shadow@3x.png */; };
		4370AB001E499B4C00A79F1F /* map_pinup.png in Resources */ = {isa = PBXBuildFile; fileRef = 4370AAE41E499B4C00A79F1F /* map_pinup.png */; };
		4370AB011E499B4C00A79F1F /* map_pinup@3x.png in Resources */ = {isa = PBXBuildFile; fileRef = 4370AAE51E499B4C00A79F1F /* map_pinup@3x.png */; };
		4370AB021E499B4C00A79F1F /* map_pinup_custom.png in Resources */ = {isa = PBXBuildFile; fileRef = 4370AAE61E499B4C00A79F1F /* map_pinup_custom.png */; };
		4370AB031E499B4C00A79F1F /* map_pinup_custom@3x.png in Resources */ = {isa = PBXBuildFile; fileRef = 4370AAE71E499B4C00A79F1F /* map_pinup_custom@3x.png */; };
		4370AB041E499B4C00A79F1F /* map_present.png in Resources */ = {isa = PBXBuildFile; fileRef = 4370AAE81E499B4C00A79F1F /* map_present.png */; };
		4370AB051E499B4C00A79F1F /* map_present_background_update.png in Resources */ = {isa = PBXBuildFile; fileRef = 4370AAE91E499B4C00A79F1F /* map_present_background_update.png */; };
		4370AB061E499B4C00A79F1F /* map_present_direction.png in Resources */ = {isa = PBXBuildFile; fileRef = 4370AAEA1E499B4C00A79F1F /* map_present_direction.png */; };
		4370AB071E499B4C00A79F1F /* map_present_tracking.png in Resources */ = {isa = PBXBuildFile; fileRef = 4370AAEB1E499B4C00A79F1F /* map_present_tracking.png */; };
		4370AB081E499B4C00A79F1F /* noimage.png in Resources */ = {isa = PBXBuildFile; fileRef = 4370AAEC1E499B4C00A79F1F /* noimage.png */; };
		4370AB091E499B4C00A79F1F /* noimage256.png in Resources */ = {isa = PBXBuildFile; fileRef = 4370AAED1E499B4C00A79F1F /* noimage256.png */; };
		4370AB0A1E499B4C00A79F1F /* point_sprite.png in Resources */ = {isa = PBXBuildFile; fileRef = 4370AAEE1E499B4C00A79F1F /* point_sprite.png */; };
		4370AB0B1E499B4C00A79F1F /* shadow_balloon.png in Resources */ = {isa = PBXBuildFile; fileRef = 4370AAEF1E499B4C00A79F1F /* shadow_balloon.png */; };
		4370AB0C1E499B4C00A79F1F /* th_line.png in Resources */ = {isa = PBXBuildFile; fileRef = 4370AAF01E499B4C00A79F1F /* th_line.png */; };
		4370AB0E1E499B8300A79F1F /* OpenGLES.framework in Frameworks */ = {isa = PBXBuildFile; fileRef = 4370AB0D1E499B8300A79F1F /* OpenGLES.framework */; };
		4370AB101E499B8900A79F1F /* SystemConfiguration.framework in Frameworks */ = {isa = PBXBuildFile; fileRef = 4370AB0F1E499B8900A79F1F /* SystemConfiguration.framework */; };
		4370AB121E499B9000A79F1F /* CoreLocation.framework in Frameworks */ = {isa = PBXBuildFile; fileRef = 4370AB111E499B9000A79F1F /* CoreLocation.framework */; };
		4370AB141E499B9700A79F1F /* QuartzCore.framework in Frameworks */ = {isa = PBXBuildFile; fileRef = 4370AB131E499B9700A79F1F /* QuartzCore.framework */; };
		4370AB161E499BA500A79F1F /* libstdc++.6.tbd in Frameworks */ = {isa = PBXBuildFile; fileRef = 4370AB151E499BA500A79F1F /* libstdc++.6.tbd */; };
		4370AB181E499BAD00A79F1F /* libxml2.tbd in Frameworks */ = {isa = PBXBuildFile; fileRef = 4370AB171E499BAD00A79F1F /* libxml2.tbd */; };
		4370AB1A1E499BB300A79F1F /* libsqlite3.tbd in Frameworks */ = {isa = PBXBuildFile; fileRef = 4370AB191E499BB300A79F1F /* libsqlite3.tbd */; };
		4370AB1C1E49A88800A79F1F /* MapSearchViewController.swift in Sources */ = {isa = PBXBuildFile; fileRef = 4370AB1B1E49A88800A79F1F /* MapSearchViewController.swift */; };
		437A79A91E4991F100A80B89 /* AppDelegate.swift in Sources */ = {isa = PBXBuildFile; fileRef = 437A79A81E4991F100A80B89 /* AppDelegate.swift */; };
		437A79AB1E4991F100A80B89 /* ViewController.swift in Sources */ = {isa = PBXBuildFile; fileRef = 437A79AA1E4991F100A80B89 /* ViewController.swift */; };
		437A79AE1E4991F100A80B89 /* Main.storyboard in Resources */ = {isa = PBXBuildFile; fileRef = 437A79AC1E4991F100A80B89 /* Main.storyboard */; };
		437A79B01E4991F100A80B89 /* Assets.xcassets in Resources */ = {isa = PBXBuildFile; fileRef = 437A79AF1E4991F100A80B89 /* Assets.xcassets */; };
		437A79B31E4991F100A80B89 /* LaunchScreen.storyboard in Resources */ = {isa = PBXBuildFile; fileRef = 437A79B11E4991F100A80B89 /* LaunchScreen.storyboard */; };
		437A79BB1E49926C00A80B89 /* GoogleService-Info.plist in Resources */ = {isa = PBXBuildFile; fileRef = 437A79BA1E49926C00A80B89 /* GoogleService-Info.plist */; };
		437A79BD1E49934800A80B89 /* SignViewController.swift in Sources */ = {isa = PBXBuildFile; fileRef = 437A79BC1E49934800A80B89 /* SignViewController.swift */; };
		437A79C41E49944000A80B89 /* MainViewController.swift in Sources */ = {isa = PBXBuildFile; fileRef = 437A79C31E49944000A80B89 /* MainViewController.swift */; };
		437A79C61E49952900A80B89 /* UserInfo.swift in Sources */ = {isa = PBXBuildFile; fileRef = 437A79C51E49952900A80B89 /* UserInfo.swift */; };
		43AD27231E52C3BC00A4863C /* StoresListViewController.swift in Sources */ = {isa = PBXBuildFile; fileRef = 43AD27221E52C3BC00A4863C /* StoresListViewController.swift */; };
		43AD27251E52DD2500A4863C /* MenuListViewController.swift in Sources */ = {isa = PBXBuildFile; fileRef = 43AD27241E52DD2500A4863C /* MenuListViewController.swift */; };
		43D291281E56AA9B0032E93F /* OrderTitleCell.swift in Sources */ = {isa = PBXBuildFile; fileRef = 43D291271E56AA9B0032E93F /* OrderTitleCell.swift */; };
		43D2912A1E5730E40032E93F /* MatchDetailViewController.swift in Sources */ = {isa = PBXBuildFile; fileRef = 43D291291E5730E40032E93F /* MatchDetailViewController.swift */; };
		43F83D681E556DBC00FB783A /* MenuDetailViewController.swift in Sources */ = {isa = PBXBuildFile; fileRef = 43F83D671E556DBC00FB783A /* MenuDetailViewController.swift */; };
		43F83D6A1E559DD000FB783A /* Orders.swift in Sources */ = {isa = PBXBuildFile; fileRef = 43F83D691E559DD000FB783A /* Orders.swift */; };
		43F83D6C1E55C0CC00FB783A /* MenuCell.swift in Sources */ = {isa = PBXBuildFile; fileRef = 43F83D6B1E55C0CC00FB783A /* MenuCell.swift */; };
		43F83D6E1E55C17F00FB783A /* OrderViewController.swift in Sources */ = {isa = PBXBuildFile; fileRef = 43F83D6D1E55C17F00FB783A /* OrderViewController.swift */; };
		BDF23338243BFA104887B1FE /* Pods_DeliveryMate.framework in Frameworks */ = {isa = PBXBuildFile; fileRef = C382A0A04E536B31A66EC848 /* Pods_DeliveryMate.framework */; };
/* End PBXBuildFile section */

/* Begin PBXFileReference section */
		43032FCF1E4C5B0F00FBD6DA /* MapTableCell.swift */ = {isa = PBXFileReference; fileEncoding = 4; lastKnownFileType = sourcecode.swift; path = MapTableCell.swift; sourceTree = "<group>"; };
		430439271E5533C7006613B0 /* Constants.swift */ = {isa = PBXFileReference; fileEncoding = 4; lastKnownFileType = sourcecode.swift; path = Constants.swift; sourceTree = SOURCE_ROOT; };
		4323E75A1E4C6679004EC735 /* GCDBlackBox.swift */ = {isa = PBXFileReference; fileEncoding = 4; lastKnownFileType = sourcecode.swift; path = GCDBlackBox.swift; sourceTree = "<group>"; };
		43281FB91E4DC482006A88CB /* MapSearchViewController - extension.swift */ = {isa = PBXFileReference; fileEncoding = 4; lastKnownFileType = sourcecode.swift; path = "MapSearchViewController - extension.swift"; sourceTree = "<group>"; };
		432A8ED01E546DDA0045B29F /* MatchListViewController.swift */ = {isa = PBXFileReference; fileEncoding = 4; lastKnownFileType = sourcecode.swift; path = MatchListViewController.swift; sourceTree = "<group>"; };
		4370AAD41E499B4C00A79F1F /* DaumMap.framework */ = {isa = PBXFileReference; lastKnownFileType = wrapper.framework; path = DaumMap.framework; sourceTree = "<group>"; };
		4370AAD61E499B4C00A79F1F /* copyright.png */ = {isa = PBXFileReference; lastKnownFileType = image.png; path = copyright.png; sourceTree = "<group>"; };
		4370AAD71E499B4C00A79F1F /* daum_copyright.png */ = {isa = PBXFileReference; lastKnownFileType = image.png; path = daum_copyright.png; sourceTree = "<group>"; };
		4370AAD81E499B4C00A79F1F /* daum_th_line.png */ = {isa = PBXFileReference; lastKnownFileType = image.png; path = daum_th_line.png; sourceTree = "<group>"; };
		4370AAD91E499B4C00A79F1F /* detail_button.png */ = {isa = PBXFileReference; lastKnownFileType = image.png; path = detail_button.png; sourceTree = "<group>"; };
		4370AADA1E499B4C00A79F1F /* info_box.png */ = {isa = PBXFileReference; lastKnownFileType = image.png; path = info_box.png; sourceTree = "<group>"; };
		4370AADB1E499B4C00A79F1F /* info_box_tail.png */ = {isa = PBXFileReference; lastKnownFileType = image.png; path = info_box_tail.png; sourceTree = "<group>"; };
		4370AADC1E499B4C00A79F1F /* map_pin.png */ = {isa = PBXFileReference; lastKnownFileType = image.png; path = map_pin.png; sourceTree = "<group>"; };
		4370AADD1E499B4C00A79F1F /* map_pin@3x.png */ = {isa = PBXFileReference; lastKnownFileType = image.png; path = "map_pin@3x.png"; sourceTree = "<group>"; };
		4370AADE1E499B4C00A79F1F /* map_pin_custom.png */ = {isa = PBXFileReference; lastKnownFileType = image.png; path = map_pin_custom.png; sourceTree = "<group>"; };
		4370AADF1E499B4C00A79F1F /* map_pin_custom@3x.png */ = {isa = PBXFileReference; lastKnownFileType = image.png; path = "map_pin_custom@3x.png"; sourceTree = "<group>"; };
		4370AAE01E499B4C00A79F1F /* map_pin_red.png */ = {isa = PBXFileReference; lastKnownFileType = image.png; path = map_pin_red.png; sourceTree = "<group>"; };
		4370AAE11E499B4C00A79F1F /* map_pin_red@3x.png */ = {isa = PBXFileReference; lastKnownFileType = image.png; path = "map_pin_red@3x.png"; sourceTree = "<group>"; };
		4370AAE21E499B4C00A79F1F /* map_pin_shadow.png */ = {isa = PBXFileReference; lastKnownFileType = image.png; path = map_pin_shadow.png; sourceTree = "<group>"; };
		4370AAE31E499B4C00A79F1F /* map_pin_shadow@3x.png */ = {isa = PBXFileReference; lastKnownFileType = image.png; path = "map_pin_shadow@3x.png"; sourceTree = "<group>"; };
		4370AAE41E499B4C00A79F1F /* map_pinup.png */ = {isa = PBXFileReference; lastKnownFileType = image.png; path = map_pinup.png; sourceTree = "<group>"; };
		4370AAE51E499B4C00A79F1F /* map_pinup@3x.png */ = {isa = PBXFileReference; lastKnownFileType = image.png; path = "map_pinup@3x.png"; sourceTree = "<group>"; };
		4370AAE61E499B4C00A79F1F /* map_pinup_custom.png */ = {isa = PBXFileReference; lastKnownFileType = image.png; path = map_pinup_custom.png; sourceTree = "<group>"; };
		4370AAE71E499B4C00A79F1F /* map_pinup_custom@3x.png */ = {isa = PBXFileReference; lastKnownFileType = image.png; path = "map_pinup_custom@3x.png"; sourceTree = "<group>"; };
		4370AAE81E499B4C00A79F1F /* map_present.png */ = {isa = PBXFileReference; lastKnownFileType = image.png; path = map_present.png; sourceTree = "<group>"; };
		4370AAE91E499B4C00A79F1F /* map_present_background_update.png */ = {isa = PBXFileReference; lastKnownFileType = image.png; path = map_present_background_update.png; sourceTree = "<group>"; };
		4370AAEA1E499B4C00A79F1F /* map_present_direction.png */ = {isa = PBXFileReference; lastKnownFileType = image.png; path = map_present_direction.png; sourceTree = "<group>"; };
		4370AAEB1E499B4C00A79F1F /* map_present_tracking.png */ = {isa = PBXFileReference; lastKnownFileType = image.png; path = map_present_tracking.png; sourceTree = "<group>"; };
		4370AAEC1E499B4C00A79F1F /* noimage.png */ = {isa = PBXFileReference; lastKnownFileType = image.png; path = noimage.png; sourceTree = "<group>"; };
		4370AAED1E499B4C00A79F1F /* noimage256.png */ = {isa = PBXFileReference; lastKnownFileType = image.png; path = noimage256.png; sourceTree = "<group>"; };
		4370AAEE1E499B4C00A79F1F /* point_sprite.png */ = {isa = PBXFileReference; lastKnownFileType = image.png; path = point_sprite.png; sourceTree = "<group>"; };
		4370AAEF1E499B4C00A79F1F /* shadow_balloon.png */ = {isa = PBXFileReference; lastKnownFileType = image.png; path = shadow_balloon.png; sourceTree = "<group>"; };
		4370AAF01E499B4C00A79F1F /* th_line.png */ = {isa = PBXFileReference; lastKnownFileType = image.png; path = th_line.png; sourceTree = "<group>"; };
		4370AB0D1E499B8300A79F1F /* OpenGLES.framework */ = {isa = PBXFileReference; lastKnownFileType = wrapper.framework; name = OpenGLES.framework; path = System/Library/Frameworks/OpenGLES.framework; sourceTree = SDKROOT; };
		4370AB0F1E499B8900A79F1F /* SystemConfiguration.framework */ = {isa = PBXFileReference; lastKnownFileType = wrapper.framework; name = SystemConfiguration.framework; path = System/Library/Frameworks/SystemConfiguration.framework; sourceTree = SDKROOT; };
		4370AB111E499B9000A79F1F /* CoreLocation.framework */ = {isa = PBXFileReference; lastKnownFileType = wrapper.framework; name = CoreLocation.framework; path = System/Library/Frameworks/CoreLocation.framework; sourceTree = SDKROOT; };
		4370AB131E499B9700A79F1F /* QuartzCore.framework */ = {isa = PBXFileReference; lastKnownFileType = wrapper.framework; name = QuartzCore.framework; path = System/Library/Frameworks/QuartzCore.framework; sourceTree = SDKROOT; };
		4370AB151E499BA500A79F1F /* libstdc++.6.tbd */ = {isa = PBXFileReference; lastKnownFileType = "sourcecode.text-based-dylib-definition"; name = "libstdc++.6.tbd"; path = "usr/lib/libstdc++.6.tbd"; sourceTree = SDKROOT; };
		4370AB171E499BAD00A79F1F /* libxml2.tbd */ = {isa = PBXFileReference; lastKnownFileType = "sourcecode.text-based-dylib-definition"; name = libxml2.tbd; path = usr/lib/libxml2.tbd; sourceTree = SDKROOT; };
		4370AB191E499BB300A79F1F /* libsqlite3.tbd */ = {isa = PBXFileReference; lastKnownFileType = "sourcecode.text-based-dylib-definition"; name = libsqlite3.tbd; path = usr/lib/libsqlite3.tbd; sourceTree = SDKROOT; };
		4370AB1B1E49A88800A79F1F /* MapSearchViewController.swift */ = {isa = PBXFileReference; fileEncoding = 4; lastKnownFileType = sourcecode.swift; path = MapSearchViewController.swift; sourceTree = "<group>"; };
		437A79A51E4991F100A80B89 /* DeliveryMate.app */ = {isa = PBXFileReference; explicitFileType = wrapper.application; includeInIndex = 0; path = DeliveryMate.app; sourceTree = BUILT_PRODUCTS_DIR; };
		437A79A81E4991F100A80B89 /* AppDelegate.swift */ = {isa = PBXFileReference; lastKnownFileType = sourcecode.swift; path = AppDelegate.swift; sourceTree = "<group>"; };
		437A79AA1E4991F100A80B89 /* ViewController.swift */ = {isa = PBXFileReference; lastKnownFileType = sourcecode.swift; path = ViewController.swift; sourceTree = "<group>"; };
		437A79AD1E4991F100A80B89 /* Base */ = {isa = PBXFileReference; lastKnownFileType = file.storyboard; name = Base; path = Base.lproj/Main.storyboard; sourceTree = "<group>"; };
		437A79AF1E4991F100A80B89 /* Assets.xcassets */ = {isa = PBXFileReference; lastKnownFileType = folder.assetcatalog; path = Assets.xcassets; sourceTree = "<group>"; };
		437A79B21E4991F100A80B89 /* Base */ = {isa = PBXFileReference; lastKnownFileType = file.storyboard; name = Base; path = Base.lproj/LaunchScreen.storyboard; sourceTree = "<group>"; };
		437A79B41E4991F100A80B89 /* Info.plist */ = {isa = PBXFileReference; lastKnownFileType = text.plist.xml; path = Info.plist; sourceTree = "<group>"; };
		437A79BA1E49926C00A80B89 /* GoogleService-Info.plist */ = {isa = PBXFileReference; fileEncoding = 4; lastKnownFileType = text.plist.xml; path = "GoogleService-Info.plist"; sourceTree = "<group>"; };
		437A79BC1E49934800A80B89 /* SignViewController.swift */ = {isa = PBXFileReference; fileEncoding = 4; lastKnownFileType = sourcecode.swift; path = SignViewController.swift; sourceTree = "<group>"; };
		437A79C01E49939F00A80B89 /* DeliveryMate-Bridging-Header.h */ = {isa = PBXFileReference; lastKnownFileType = sourcecode.c.h; path = "DeliveryMate-Bridging-Header.h"; sourceTree = "<group>"; };
		437A79C31E49944000A80B89 /* MainViewController.swift */ = {isa = PBXFileReference; fileEncoding = 4; lastKnownFileType = sourcecode.swift; path = MainViewController.swift; sourceTree = "<group>"; };
		437A79C51E49952900A80B89 /* UserInfo.swift */ = {isa = PBXFileReference; fileEncoding = 4; lastKnownFileType = sourcecode.swift; path = UserInfo.swift; sourceTree = "<group>"; };
		43AD27221E52C3BC00A4863C /* StoresListViewController.swift */ = {isa = PBXFileReference; fileEncoding = 4; lastKnownFileType = sourcecode.swift; path = StoresListViewController.swift; sourceTree = "<group>"; };
		43AD27241E52DD2500A4863C /* MenuListViewController.swift */ = {isa = PBXFileReference; fileEncoding = 4; lastKnownFileType = sourcecode.swift; path = MenuListViewController.swift; sourceTree = "<group>"; };
		43D291271E56AA9B0032E93F /* OrderTitleCell.swift */ = {isa = PBXFileReference; fileEncoding = 4; lastKnownFileType = sourcecode.swift; path = OrderTitleCell.swift; sourceTree = "<group>"; };
		43D291291E5730E40032E93F /* MatchDetailViewController.swift */ = {isa = PBXFileReference; fileEncoding = 4; lastKnownFileType = sourcecode.swift; path = MatchDetailViewController.swift; sourceTree = "<group>"; };
		43F83D671E556DBC00FB783A /* MenuDetailViewController.swift */ = {isa = PBXFileReference; fileEncoding = 4; lastKnownFileType = sourcecode.swift; path = MenuDetailViewController.swift; sourceTree = "<group>"; };
		43F83D691E559DD000FB783A /* Orders.swift */ = {isa = PBXFileReference; fileEncoding = 4; lastKnownFileType = sourcecode.swift; path = Orders.swift; sourceTree = "<group>"; };
		43F83D6B1E55C0CC00FB783A /* MenuCell.swift */ = {isa = PBXFileReference; fileEncoding = 4; lastKnownFileType = sourcecode.swift; path = MenuCell.swift; sourceTree = "<group>"; };
		43F83D6D1E55C17F00FB783A /* OrderViewController.swift */ = {isa = PBXFileReference; fileEncoding = 4; lastKnownFileType = sourcecode.swift; path = OrderViewController.swift; sourceTree = "<group>"; };
		547C3EC263B60EC13B02C4F8 /* Pods-DeliveryMate.release.xcconfig */ = {isa = PBXFileReference; includeInIndex = 1; lastKnownFileType = text.xcconfig; name = "Pods-DeliveryMate.release.xcconfig"; path = "Pods/Target Support Files/Pods-DeliveryMate/Pods-DeliveryMate.release.xcconfig"; sourceTree = "<group>"; };
		722B6B8EDE766CA5C1AEEC30 /* Pods-DeliveryMate.debug.xcconfig */ = {isa = PBXFileReference; includeInIndex = 1; lastKnownFileType = text.xcconfig; name = "Pods-DeliveryMate.debug.xcconfig"; path = "Pods/Target Support Files/Pods-DeliveryMate/Pods-DeliveryMate.debug.xcconfig"; sourceTree = "<group>"; };
		C382A0A04E536B31A66EC848 /* Pods_DeliveryMate.framework */ = {isa = PBXFileReference; explicitFileType = wrapper.framework; includeInIndex = 0; path = Pods_DeliveryMate.framework; sourceTree = BUILT_PRODUCTS_DIR; };
/* End PBXFileReference section */

/* Begin PBXFrameworksBuildPhase section */
		437A79A21E4991F000A80B89 /* Frameworks */ = {
			isa = PBXFrameworksBuildPhase;
			buildActionMask = 2147483647;
			files = (
				4370AB1A1E499BB300A79F1F /* libsqlite3.tbd in Frameworks */,
				4370AB181E499BAD00A79F1F /* libxml2.tbd in Frameworks */,
				4370AB161E499BA500A79F1F /* libstdc++.6.tbd in Frameworks */,
				4370AB141E499B9700A79F1F /* QuartzCore.framework in Frameworks */,
				4370AB121E499B9000A79F1F /* CoreLocation.framework in Frameworks */,
				4370AB101E499B8900A79F1F /* SystemConfiguration.framework in Frameworks */,
				4370AB0E1E499B8300A79F1F /* OpenGLES.framework in Frameworks */,
				4370AAF11E499B4C00A79F1F /* DaumMap.framework in Frameworks */,
				BDF23338243BFA104887B1FE /* Pods_DeliveryMate.framework in Frameworks */,
			);
			runOnlyForDeploymentPostprocessing = 0;
		};
/* End PBXFrameworksBuildPhase section */

/* Begin PBXGroup section */
		4370AAD31E499B4C00A79F1F /* DaumMap.embeddedframework */ = {
			isa = PBXGroup;
			children = (
				4370AAD41E499B4C00A79F1F /* DaumMap.framework */,
				4370AAD51E499B4C00A79F1F /* Resources */,
			);
			path = DaumMap.embeddedframework;
			sourceTree = "<group>";
		};
		4370AAD51E499B4C00A79F1F /* Resources */ = {
			isa = PBXGroup;
			children = (
				4370AAD61E499B4C00A79F1F /* copyright.png */,
				4370AAD71E499B4C00A79F1F /* daum_copyright.png */,
				4370AAD81E499B4C00A79F1F /* daum_th_line.png */,
				4370AAD91E499B4C00A79F1F /* detail_button.png */,
				4370AADA1E499B4C00A79F1F /* info_box.png */,
				4370AADB1E499B4C00A79F1F /* info_box_tail.png */,
				4370AAE01E499B4C00A79F1F /* map_pin_red.png */,
				4370AADC1E499B4C00A79F1F /* map_pin.png */,
				4370AADD1E499B4C00A79F1F /* map_pin@3x.png */,
				4370AADE1E499B4C00A79F1F /* map_pin_custom.png */,
				4370AADF1E499B4C00A79F1F /* map_pin_custom@3x.png */,
				4370AAE11E499B4C00A79F1F /* map_pin_red@3x.png */,
				4370AAE21E499B4C00A79F1F /* map_pin_shadow.png */,
				4370AAE31E499B4C00A79F1F /* map_pin_shadow@3x.png */,
				4370AAE41E499B4C00A79F1F /* map_pinup.png */,
				4370AAE51E499B4C00A79F1F /* map_pinup@3x.png */,
				4370AAE61E499B4C00A79F1F /* map_pinup_custom.png */,
				4370AAE71E499B4C00A79F1F /* map_pinup_custom@3x.png */,
				4370AAE81E499B4C00A79F1F /* map_present.png */,
				4370AAE91E499B4C00A79F1F /* map_present_background_update.png */,
				4370AAEA1E499B4C00A79F1F /* map_present_direction.png */,
				4370AAEB1E499B4C00A79F1F /* map_present_tracking.png */,
				4370AAEC1E499B4C00A79F1F /* noimage.png */,
				4370AAED1E499B4C00A79F1F /* noimage256.png */,
				4370AAEE1E499B4C00A79F1F /* point_sprite.png */,
				4370AAEF1E499B4C00A79F1F /* shadow_balloon.png */,
				4370AAF01E499B4C00A79F1F /* th_line.png */,
			);
			path = Resources;
			sourceTree = "<group>";
		};
		437A799C1E4991F000A80B89 = {
			isa = PBXGroup;
			children = (
				437A79A71E4991F100A80B89 /* DeliveryMate */,
				437A79A61E4991F100A80B89 /* Products */,
				708AD2859EF5C31D9A532F55 /* Pods */,
				6DC0115E4C43B1B006684322 /* Frameworks */,
			);
			sourceTree = "<group>";
		};
		437A79A61E4991F100A80B89 /* Products */ = {
			isa = PBXGroup;
			children = (
				437A79A51E4991F100A80B89 /* DeliveryMate.app */,
			);
			name = Products;
			sourceTree = "<group>";
		};
		437A79A71E4991F100A80B89 /* DeliveryMate */ = {
			isa = PBXGroup;
			children = (
				437A79A81E4991F100A80B89 /* AppDelegate.swift */,
				437A79AA1E4991F100A80B89 /* ViewController.swift */,
				4370AB1B1E49A88800A79F1F /* MapSearchViewController.swift */,
				43281FB91E4DC482006A88CB /* MapSearchViewController - extension.swift */,
				437A79C31E49944000A80B89 /* MainViewController.swift */,
				43AD27221E52C3BC00A4863C /* StoresListViewController.swift */,
				43AD27241E52DD2500A4863C /* MenuListViewController.swift */,
				43F83D671E556DBC00FB783A /* MenuDetailViewController.swift */,
				43F83D6D1E55C17F00FB783A /* OrderViewController.swift */,
				432A8ED01E546DDA0045B29F /* MatchListViewController.swift */,
				43D291291E5730E40032E93F /* MatchDetailViewController.swift */,
				437A79BC1E49934800A80B89 /* SignViewController.swift */,
				43F83D6B1E55C0CC00FB783A /* MenuCell.swift */,
				43D291271E56AA9B0032E93F /* OrderTitleCell.swift */,
				43032FCF1E4C5B0F00FBD6DA /* MapTableCell.swift */,
				437A79C51E49952900A80B89 /* UserInfo.swift */,
				43F83D691E559DD000FB783A /* Orders.swift */,
				430439271E5533C7006613B0 /* Constants.swift */,
				4323E75A1E4C6679004EC735 /* GCDBlackBox.swift */,
				437A79C01E49939F00A80B89 /* DeliveryMate-Bridging-Header.h */,
				437A79AF1E4991F100A80B89 /* Assets.xcassets */,
				437A79AC1E4991F100A80B89 /* Main.storyboard */,
				437A79B11E4991F100A80B89 /* LaunchScreen.storyboard */,
				437A79BA1E49926C00A80B89 /* GoogleService-Info.plist */,
				437A79B41E4991F100A80B89 /* Info.plist */,
			);
			path = DeliveryMate;
			sourceTree = "<group>";
		};
		6DC0115E4C43B1B006684322 /* Frameworks */ = {
			isa = PBXGroup;
			children = (
				4370AAD31E499B4C00A79F1F /* DaumMap.embeddedframework */,
				4370AB191E499BB300A79F1F /* libsqlite3.tbd */,
				4370AB171E499BAD00A79F1F /* libxml2.tbd */,
				4370AB151E499BA500A79F1F /* libstdc++.6.tbd */,
				4370AB131E499B9700A79F1F /* QuartzCore.framework */,
				4370AB111E499B9000A79F1F /* CoreLocation.framework */,
				4370AB0F1E499B8900A79F1F /* SystemConfiguration.framework */,
				4370AB0D1E499B8300A79F1F /* OpenGLES.framework */,
				C382A0A04E536B31A66EC848 /* Pods_DeliveryMate.framework */,
			);
			name = Frameworks;
			sourceTree = "<group>";
		};
		708AD2859EF5C31D9A532F55 /* Pods */ = {
			isa = PBXGroup;
			children = (
				722B6B8EDE766CA5C1AEEC30 /* Pods-DeliveryMate.debug.xcconfig */,
				547C3EC263B60EC13B02C4F8 /* Pods-DeliveryMate.release.xcconfig */,
			);
			name = Pods;
			sourceTree = "<group>";
		};
/* End PBXGroup section */

/* Begin PBXNativeTarget section */
		437A79A41E4991F000A80B89 /* DeliveryMate */ = {
			isa = PBXNativeTarget;
			buildConfigurationList = 437A79B71E4991F100A80B89 /* Build configuration list for PBXNativeTarget "DeliveryMate" */;
			buildPhases = (
				E6805BADDFD0FC6F8DB49C5D /* [CP] Check Pods Manifest.lock */,
				437A79A11E4991F000A80B89 /* Sources */,
				437A79A21E4991F000A80B89 /* Frameworks */,
				437A79A31E4991F000A80B89 /* Resources */,
				43D9D749954D66FDB3894EE5 /* [CP] Embed Pods Frameworks */,
				9B145F609BFB6D9DC7B0D370 /* [CP] Copy Pods Resources */,
			);
			buildRules = (
			);
			dependencies = (
			);
			name = DeliveryMate;
			productName = DeliveryMate;
			productReference = 437A79A51E4991F100A80B89 /* DeliveryMate.app */;
			productType = "com.apple.product-type.application";
		};
/* End PBXNativeTarget section */

/* Begin PBXProject section */
		437A799D1E4991F000A80B89 /* Project object */ = {
			isa = PBXProject;
			attributes = {
				LastSwiftUpdateCheck = 0820;
				LastUpgradeCheck = 0820;
				ORGANIZATIONNAME = Jinyoung;
				TargetAttributes = {
					437A79A41E4991F000A80B89 = {
						CreatedOnToolsVersion = 8.2.1;
						DevelopmentTeam = RPXQPWQ755;
						LastSwiftMigration = 0820;
						ProvisioningStyle = Automatic;
					};
				};
			};
			buildConfigurationList = 437A79A01E4991F000A80B89 /* Build configuration list for PBXProject "DeliveryMate" */;
			compatibilityVersion = "Xcode 3.2";
			developmentRegion = English;
			hasScannedForEncodings = 0;
			knownRegions = (
				en,
				Base,
			);
			mainGroup = 437A799C1E4991F000A80B89;
			productRefGroup = 437A79A61E4991F100A80B89 /* Products */;
			projectDirPath = "";
			projectRoot = "";
			targets = (
				437A79A41E4991F000A80B89 /* DeliveryMate */,
			);
		};
/* End PBXProject section */

/* Begin PBXResourcesBuildPhase section */
		437A79A31E4991F000A80B89 /* Resources */ = {
			isa = PBXResourcesBuildPhase;
			buildActionMask = 2147483647;
			files = (
				437A79B31E4991F100A80B89 /* LaunchScreen.storyboard in Resources */,
				4370AAFE1E499B4C00A79F1F /* map_pin_shadow.png in Resources */,
				4370AAFF1E499B4C00A79F1F /* map_pin_shadow@3x.png in Resources */,
				4370AAF81E499B4C00A79F1F /* map_pin.png in Resources */,
				437A79BB1E49926C00A80B89 /* GoogleService-Info.plist in Resources */,
				4370AAFA1E499B4C00A79F1F /* map_pin_custom.png in Resources */,
				4370AAF51E499B4C00A79F1F /* detail_button.png in Resources */,
				4370AAF41E499B4C00A79F1F /* daum_th_line.png in Resources */,
				4370AB031E499B4C00A79F1F /* map_pinup_custom@3x.png in Resources */,
				4370AB041E499B4C00A79F1F /* map_present.png in Resources */,
				4370AAF31E499B4C00A79F1F /* daum_copyright.png in Resources */,
				4370AAFB1E499B4C00A79F1F /* map_pin_custom@3x.png in Resources */,
				4370AAFC1E499B4C00A79F1F /* map_pin_red.png in Resources */,
				4370AAF71E499B4C00A79F1F /* info_box_tail.png in Resources */,
				4370AB081E499B4C00A79F1F /* noimage.png in Resources */,
				4370AB0B1E499B4C00A79F1F /* shadow_balloon.png in Resources */,
				437A79B01E4991F100A80B89 /* Assets.xcassets in Resources */,
				4370AB061E499B4C00A79F1F /* map_present_direction.png in Resources */,
				4370AAF91E499B4C00A79F1F /* map_pin@3x.png in Resources */,
				4370AB0C1E499B4C00A79F1F /* th_line.png in Resources */,
				4370AB021E499B4C00A79F1F /* map_pinup_custom.png in Resources */,
				4370AB051E499B4C00A79F1F /* map_present_background_update.png in Resources */,
				4370AB071E499B4C00A79F1F /* map_present_tracking.png in Resources */,
				4370AAF61E499B4C00A79F1F /* info_box.png in Resources */,
				4370AB091E499B4C00A79F1F /* noimage256.png in Resources */,
				4370AB0A1E499B4C00A79F1F /* point_sprite.png in Resources */,
				4370AB011E499B4C00A79F1F /* map_pinup@3x.png in Resources */,
				4370AAF21E499B4C00A79F1F /* copyright.png in Resources */,
				4370AAFD1E499B4C00A79F1F /* map_pin_red@3x.png in Resources */,
				437A79AE1E4991F100A80B89 /* Main.storyboard in Resources */,
				4370AB001E499B4C00A79F1F /* map_pinup.png in Resources */,
			);
			runOnlyForDeploymentPostprocessing = 0;
		};
/* End PBXResourcesBuildPhase section */

/* Begin PBXShellScriptBuildPhase section */
		43D9D749954D66FDB3894EE5 /* [CP] Embed Pods Frameworks */ = {
			isa = PBXShellScriptBuildPhase;
			buildActionMask = 2147483647;
			files = (
			);
			inputPaths = (
			);
			name = "[CP] Embed Pods Frameworks";
			outputPaths = (
			);
			runOnlyForDeploymentPostprocessing = 0;
			shellPath = /bin/sh;
			shellScript = "\"${SRCROOT}/Pods/Target Support Files/Pods-DeliveryMate/Pods-DeliveryMate-frameworks.sh\"\n";
			showEnvVarsInLog = 0;
		};
		9B145F609BFB6D9DC7B0D370 /* [CP] Copy Pods Resources */ = {
			isa = PBXShellScriptBuildPhase;
			buildActionMask = 2147483647;
			files = (
			);
			inputPaths = (
			);
			name = "[CP] Copy Pods Resources";
			outputPaths = (
			);
			runOnlyForDeploymentPostprocessing = 0;
			shellPath = /bin/sh;
			shellScript = "\"${SRCROOT}/Pods/Target Support Files/Pods-DeliveryMate/Pods-DeliveryMate-resources.sh\"\n";
			showEnvVarsInLog = 0;
		};
		E6805BADDFD0FC6F8DB49C5D /* [CP] Check Pods Manifest.lock */ = {
			isa = PBXShellScriptBuildPhase;
			buildActionMask = 2147483647;
			files = (
			);
			inputPaths = (
			);
			name = "[CP] Check Pods Manifest.lock";
			outputPaths = (
			);
			runOnlyForDeploymentPostprocessing = 0;
			shellPath = /bin/sh;
			shellScript = "diff \"${PODS_ROOT}/../Podfile.lock\" \"${PODS_ROOT}/Manifest.lock\" > /dev/null\nif [ $? != 0 ] ; then\n    # print error to STDERR\n    echo \"error: The sandbox is not in sync with the Podfile.lock. Run 'pod install' or update your CocoaPods installation.\" >&2\n    exit 1\nfi\n";
			showEnvVarsInLog = 0;
		};
/* End PBXShellScriptBuildPhase section */

/* Begin PBXSourcesBuildPhase section */
		437A79A11E4991F000A80B89 /* Sources */ = {
			isa = PBXSourcesBuildPhase;
			buildActionMask = 2147483647;
			files = (
				437A79AB1E4991F100A80B89 /* ViewController.swift in Sources */,
				4370AB1C1E49A88800A79F1F /* MapSearchViewController.swift in Sources */,
				43AD27231E52C3BC00A4863C /* StoresListViewController.swift in Sources */,
				4323E75B1E4C6679004EC735 /* GCDBlackBox.swift in Sources */,
				430439281E5533C7006613B0 /* Constants.swift in Sources */,
				43281FBA1E4DC482006A88CB /* MapSearchViewController - extension.swift in Sources */,
				43032FD01E4C5B0F00FBD6DA /* MapTableCell.swift in Sources */,
				437A79BD1E49934800A80B89 /* SignViewController.swift in Sources */,
				43F83D6E1E55C17F00FB783A /* OrderViewController.swift in Sources */,
				43D291281E56AA9B0032E93F /* OrderTitleCell.swift in Sources */,
				43F83D681E556DBC00FB783A /* MenuDetailViewController.swift in Sources */,
				43AD27251E52DD2500A4863C /* MenuListViewController.swift in Sources */,
				432A8ED11E546DDA0045B29F /* MatchListViewController.swift in Sources */,
				43D2912A1E5730E40032E93F /* MatchDetailViewController.swift in Sources */,
				437A79A91E4991F100A80B89 /* AppDelegate.swift in Sources */,
				43F83D6A1E559DD000FB783A /* Orders.swift in Sources */,
				437A79C41E49944000A80B89 /* MainViewController.swift in Sources */,
				43F83D6C1E55C0CC00FB783A /* MenuCell.swift in Sources */,
				437A79C61E49952900A80B89 /* UserInfo.swift in Sources */,
			);
			runOnlyForDeploymentPostprocessing = 0;
		};
/* End PBXSourcesBuildPhase section */

/* Begin PBXVariantGroup section */
		437A79AC1E4991F100A80B89 /* Main.storyboard */ = {
			isa = PBXVariantGroup;
			children = (
				437A79AD1E4991F100A80B89 /* Base */,
			);
			name = Main.storyboard;
			sourceTree = "<group>";
		};
		437A79B11E4991F100A80B89 /* LaunchScreen.storyboard */ = {
			isa = PBXVariantGroup;
			children = (
				437A79B21E4991F100A80B89 /* Base */,
			);
			name = LaunchScreen.storyboard;
			sourceTree = "<group>";
		};
/* End PBXVariantGroup section */

/* Begin XCBuildConfiguration section */
		437A79B51E4991F100A80B89 /* Debug */ = {
			isa = XCBuildConfiguration;
			buildSettings = {
				ALWAYS_SEARCH_USER_PATHS = NO;
				CLANG_ANALYZER_NONNULL = YES;
				CLANG_CXX_LANGUAGE_STANDARD = "gnu++0x";
				CLANG_CXX_LIBRARY = "libc++";
				CLANG_ENABLE_MODULES = YES;
				CLANG_ENABLE_OBJC_ARC = NO;
				CLANG_WARN_BOOL_CONVERSION = YES;
				CLANG_WARN_CONSTANT_CONVERSION = YES;
				CLANG_WARN_DIRECT_OBJC_ISA_USAGE = YES_ERROR;
				CLANG_WARN_DOCUMENTATION_COMMENTS = YES;
				CLANG_WARN_EMPTY_BODY = YES;
				CLANG_WARN_ENUM_CONVERSION = YES;
				CLANG_WARN_INFINITE_RECURSION = YES;
				CLANG_WARN_INT_CONVERSION = YES;
				CLANG_WARN_OBJC_ROOT_CLASS = YES_ERROR;
				CLANG_WARN_SUSPICIOUS_MOVE = YES;
				CLANG_WARN_UNREACHABLE_CODE = YES;
				CLANG_WARN__DUPLICATE_METHOD_MATCH = YES;
				"CODE_SIGN_IDENTITY[sdk=iphoneos*]" = "iPhone Developer";
				COPY_PHASE_STRIP = NO;
				DEBUG_INFORMATION_FORMAT = dwarf;
				ENABLE_BITCODE = NO;
				ENABLE_STRICT_OBJC_MSGSEND = YES;
				ENABLE_TESTABILITY = YES;
				GCC_C_LANGUAGE_STANDARD = gnu99;
				GCC_DYNAMIC_NO_PIC = NO;
				GCC_NO_COMMON_BLOCKS = YES;
				GCC_OPTIMIZATION_LEVEL = 0;
				GCC_PREPROCESSOR_DEFINITIONS = (
					"DEBUG=1",
					"$(inherited)",
				);
				GCC_WARN_64_TO_32_BIT_CONVERSION = YES;
				GCC_WARN_ABOUT_RETURN_TYPE = YES_ERROR;
				GCC_WARN_UNDECLARED_SELECTOR = YES;
				GCC_WARN_UNINITIALIZED_AUTOS = YES_AGGRESSIVE;
				GCC_WARN_UNUSED_FUNCTION = YES;
				GCC_WARN_UNUSED_VARIABLE = YES;
				IPHONEOS_DEPLOYMENT_TARGET = 10.2;
				MTL_ENABLE_DEBUG_INFO = YES;
				ONLY_ACTIVE_ARCH = YES;
				SDKROOT = iphoneos;
				SWIFT_ACTIVE_COMPILATION_CONDITIONS = DEBUG;
				SWIFT_OPTIMIZATION_LEVEL = "-Onone";
				TARGETED_DEVICE_FAMILY = "1,2";
			};
			name = Debug;
		};
		437A79B61E4991F100A80B89 /* Release */ = {
			isa = XCBuildConfiguration;
			buildSettings = {
				ALWAYS_SEARCH_USER_PATHS = NO;
				CLANG_ANALYZER_NONNULL = YES;
				CLANG_CXX_LANGUAGE_STANDARD = "gnu++0x";
				CLANG_CXX_LIBRARY = "libc++";
				CLANG_ENABLE_MODULES = YES;
				CLANG_ENABLE_OBJC_ARC = NO;
				CLANG_WARN_BOOL_CONVERSION = YES;
				CLANG_WARN_CONSTANT_CONVERSION = YES;
				CLANG_WARN_DIRECT_OBJC_ISA_USAGE = YES_ERROR;
				CLANG_WARN_DOCUMENTATION_COMMENTS = YES;
				CLANG_WARN_EMPTY_BODY = YES;
				CLANG_WARN_ENUM_CONVERSION = YES;
				CLANG_WARN_INFINITE_RECURSION = YES;
				CLANG_WARN_INT_CONVERSION = YES;
				CLANG_WARN_OBJC_ROOT_CLASS = YES_ERROR;
				CLANG_WARN_SUSPICIOUS_MOVE = YES;
				CLANG_WARN_UNREACHABLE_CODE = YES;
				CLANG_WARN__DUPLICATE_METHOD_MATCH = YES;
				"CODE_SIGN_IDENTITY[sdk=iphoneos*]" = "iPhone Developer";
				COPY_PHASE_STRIP = NO;
				DEBUG_INFORMATION_FORMAT = "dwarf-with-dsym";
				ENABLE_BITCODE = NO;
				ENABLE_NS_ASSERTIONS = NO;
				ENABLE_STRICT_OBJC_MSGSEND = YES;
				GCC_C_LANGUAGE_STANDARD = gnu99;
				GCC_NO_COMMON_BLOCKS = YES;
				GCC_WARN_64_TO_32_BIT_CONVERSION = YES;
				GCC_WARN_ABOUT_RETURN_TYPE = YES_ERROR;
				GCC_WARN_UNDECLARED_SELECTOR = YES;
				GCC_WARN_UNINITIALIZED_AUTOS = YES_AGGRESSIVE;
				GCC_WARN_UNUSED_FUNCTION = YES;
				GCC_WARN_UNUSED_VARIABLE = YES;
				IPHONEOS_DEPLOYMENT_TARGET = 10.2;
				MTL_ENABLE_DEBUG_INFO = NO;
				SDKROOT = iphoneos;
				SWIFT_OPTIMIZATION_LEVEL = "-Owholemodule";
				TARGETED_DEVICE_FAMILY = "1,2";
				VALIDATE_PRODUCT = YES;
			};
			name = Release;
		};
		437A79B81E4991F100A80B89 /* Debug */ = {
			isa = XCBuildConfiguration;
			baseConfigurationReference = 722B6B8EDE766CA5C1AEEC30 /* Pods-DeliveryMate.debug.xcconfig */;
			buildSettings = {
				ASSETCATALOG_COMPILER_APPICON_NAME = AppIcon;
				CLANG_ENABLE_MODULES = YES;
				DEVELOPMENT_TEAM = RPXQPWQ755;
				ENABLE_BITCODE = NO;
				FRAMEWORK_SEARCH_PATHS = (
					"$(inherited)",
					"$(PROJECT_DIR)/DaumMap.embeddedframework",
				);
				INFOPLIST_FILE = DeliveryMate/Info.plist;
				LD_RUNPATH_SEARCH_PATHS = "$(inherited) @executable_path/Frameworks";
				PRODUCT_BUNDLE_IDENTIFIER = com.jinyoung.DeliveryMate;
				PRODUCT_NAME = "$(TARGET_NAME)";
				SWIFT_OBJC_BRIDGING_HEADER = "DeliveryMate/DeliveryMate-Bridging-Header.h";
				SWIFT_OPTIMIZATION_LEVEL = "-Onone";
				SWIFT_VERSION = 3.0;
			};
			name = Debug;
		};
		437A79B91E4991F100A80B89 /* Release */ = {
			isa = XCBuildConfiguration;
			baseConfigurationReference = 547C3EC263B60EC13B02C4F8 /* Pods-DeliveryMate.release.xcconfig */;
			buildSettings = {
				ASSETCATALOG_COMPILER_APPICON_NAME = AppIcon;
				CLANG_ENABLE_MODULES = YES;
				DEVELOPMENT_TEAM = RPXQPWQ755;
				ENABLE_BITCODE = NO;
				FRAMEWORK_SEARCH_PATHS = (
					"$(inherited)",
					"$(PROJECT_DIR)/DaumMap.embeddedframework",
				);
				INFOPLIST_FILE = DeliveryMate/Info.plist;
				LD_RUNPATH_SEARCH_PATHS = "$(inherited) @executable_path/Frameworks";
				PRODUCT_BUNDLE_IDENTIFIER = com.jinyoung.DeliveryMate;
				PRODUCT_NAME = "$(TARGET_NAME)";
				SWIFT_OBJC_BRIDGING_HEADER = "DeliveryMate/DeliveryMate-Bridging-Header.h";
				SWIFT_VERSION = 3.0;
			};
			name = Release;
		};
/* End XCBuildConfiguration section */

/* Begin XCConfigurationList section */
		437A79A01E4991F000A80B89 /* Build configuration list for PBXProject "DeliveryMate" */ = {
			isa = XCConfigurationList;
			buildConfigurations = (
				437A79B51E4991F100A80B89 /* Debug */,
				437A79B61E4991F100A80B89 /* Release */,
			);
			defaultConfigurationIsVisible = 0;
			defaultConfigurationName = Release;
		};
		437A79B71E4991F100A80B89 /* Build configuration list for PBXNativeTarget "DeliveryMate" */ = {
			isa = XCConfigurationList;
			buildConfigurations = (
				437A79B81E4991F100A80B89 /* Debug */,
				437A79B91E4991F100A80B89 /* Release */,
			);
			defaultConfigurationIsVisible = 0;
			defaultConfigurationName = Release;
		};
/* End XCConfigurationList section */
	};
	rootObject = 437A799D1E4991F000A80B89 /* Project object */;
}
